Microsoft Visual Studio Solution File, Format Version 10.00
# Visual Studio 2008
Project("{FAE04EC0-301F-11D3-BF4B-00C04F79EFBC}") = "ChartPart", "ChartPart.csproj", "{F5C81765-2EAD-47C2-B380-D4EC75FF8535}"
EndProject
Global
	GlobalSection(TeamFoundationVersionControl) = preSolution
		SccNumberOfProjects = 2
		SccEnterpriseProvider = {4CA58AB2-18FA-4F8D-95D4-32DDF27D184C}
		SccTeamFoundationServer = https://tfs02.codeplex.com/
		SccLocalPath0 = .
		SccProjectUniqueName1 = ChartPart.csproj
		SccLocalPath1 = .
	EndGlobalSection
	GlobalSection(SolutionConfigurationPlatforms) = preSolution
		DebugBuild|Any CPU = DebugBuild|Any CPU
		DebugDelete|Any CPU = DebugDelete|Any CPU
		DebugDeploy|Any CPU = DebugDeploy|Any CPU
		DebugInstall|Any CPU = DebugInstall|Any CPU
		DebugQuickCopy|Any CPU = DebugQuickCopy|Any CPU
		DebugRedeploy|Any CPU = DebugRedeploy|Any CPU
		DebugRefreshAssemblyInGac|Any CPU = DebugRefreshAssemblyInGac|Any CPU
		DebugRetract|Any CPU = DebugRetract|Any CPU
		DebugUpgrade|Any CPU = DebugUpgrade|Any CPU
		ReleaseBuild|Any CPU = ReleaseBuild|Any CPU
	EndGlobalSection
	GlobalSection(ProjectConfigurationPlatforms) = postSolution
		{F5C81765-2EAD-47C2-B380-D4EC75FF8535}.DebugBuild|Any CPU.ActiveCfg = DebugBuild|Any CPU
		{F5C81765-2EAD-47C2-B380-D4EC75FF8535}.DebugBuild|Any CPU.Build.0 = DebugBuild|Any CPU
		{F5C81765-2EAD-47C2-B380-D4EC75FF8535}.DebugDelete|Any CPU.ActiveCfg = DebugDelete|Any CPU
		{F5C81765-2EAD-47C2-B380-D4EC75FF8535}.DebugDelete|Any CPU.Build.0 = DebugDelete|Any CPU
		{F5C81765-2EAD-47C2-B380-D4EC75FF8535}.DebugDeploy|Any CPU.ActiveCfg = DebugDeploy|Any CPU
		{F5C81765-2EAD-47C2-B380-D4EC75FF8535}.DebugDeploy|Any CPU.Build.0 = DebugDeploy|Any CPU
		{F5C81765-2EAD-47C2-B380-D4EC75FF8535}.DebugInstall|Any CPU.ActiveCfg = DebugInstall|Any CPU
		{F5C81765-2EAD-47C2-B380-D4EC75FF8535}.DebugInstall|Any CPU.Build.0 = DebugInstall|Any CPU
		{F5C81765-2EAD-47C2-B380-D4EC75FF8535}.DebugQuickCopy|Any CPU.ActiveCfg = DebugQuickCopy|Any CPU
		{F5C81765-2EAD-47C2-B380-D4EC75FF8535}.DebugQuickCopy|Any CPU.Build.0 = DebugQuickCopy|Any CPU
		{F5C81765-2EAD-47C2-B380-D4EC75FF8535}.DebugRedeploy|Any CPU.ActiveCfg = DebugRedeploy|Any CPU
		{F5C81765-2EAD-47C2-B380-D4EC75FF8535}.DebugRedeploy|Any CPU.Build.0 = DebugRedeploy|Any CPU
		{F5C81765-2EAD-47C2-B380-D4EC75FF8535}.DebugRefreshAssemblyInGac|Any CPU.ActiveCfg = DebugRefreshAssemblyInGac|Any CPU
		{F5C81765-2EAD-47C2-B380-D4EC75FF8535}.DebugRefreshAssemblyInGac|Any CPU.Build.0 = DebugRefreshAssemblyInGac|Any CPU
		{F5C81765-2EAD-47C2-B380-D4EC75FF8535}.DebugRetract|Any CPU.ActiveCfg = DebugRetract|Any CPU
		{F5C81765-2EAD-47C2-B380-D4EC75FF8535}.DebugRetract|Any CPU.Build.0 = DebugRetract|Any CPU
		{F5C81765-2EAD-47C2-B380-D4EC75FF8535}.DebugUpgrade|Any CPU.ActiveCfg = DebugUpgrade|Any CPU
		{F5C81765-2EAD-47C2-B380-D4EC75FF8535}.DebugUpgrade|Any CPU.Build.0 = DebugUpgrade|Any CPU
		{F5C81765-2EAD-47C2-B380-D4EC75FF8535}.ReleaseBuild|Any CPU.ActiveCfg = ReleaseBuild|Any CPU
		{F5C81765-2EAD-47C2-B380-D4EC75FF8535}.ReleaseBuild|Any CPU.Build.0 = ReleaseBuild|Any CPU
	EndGlobalSection
	GlobalSection(SolutionProperties) = preSolution
		HideSolutionNode = FALSE
	EndGlobalSection
EndGlobal
